// !$*UTF8*$!
{
	archiveVersion = 1;
	classes = {
	};
	objectVersion = 46;
	objects = {

/* Begin PBXBuildFile section */
		C1423FEA1B25B189004A6461 /* Objection.h in Headers */ = {isa = PBXBuildFile; fileRef = C1423FE91B25B189004A6461 /* Objection.h */; settings = {ATTRIBUTES = (Public, ); }; };
		C1423FF01B25B189004A6461 /* Objection.framework in Frameworks */ = {isa = PBXBuildFile; fileRef = C1423FE51B25B188004A6461 /* Objection.framework */; };
		C1423FF71B25B189004A6461 /* ObjectionTests.m in Sources */ = {isa = PBXBuildFile; fileRef = C1423FF61B25B189004A6461 /* ObjectionTests.m */; };
		C1423FFE1B25B195004A6461 /* JSObjectionProviderEntry.m in Sources */ = {isa = PBXBuildFile; fileRef = 4B81F8DC135D06C200221A88 /* JSObjectionProviderEntry.m */; };
		C1423FFF1B25B195004A6461 /* JSObjectionEntry.m in Sources */ = {isa = PBXBuildFile; fileRef = 4B4B21A71342B79E00833077 /* JSObjectionEntry.m */; };
		C14240001B25B195004A6461 /* NSObject+Objection.m in Sources */ = {isa = PBXBuildFile; fileRef = 4B53471812F316A4000480AB /* NSObject+Objection.m */; };
		C14240011B25B195004A6461 /* JSObjectionUtils.m in Sources */ = {isa = PBXBuildFile; fileRef = 4B496E6A12B0F3E50053F2A3 /* JSObjectionUtils.m */; };
		C14240021B25B195004A6461 /* JSObjectionInjectorEntry.m in Sources */ = {isa = PBXBuildFile; fileRef = 4BED511E12AA8BCC00CA6B36 /* JSObjectionInjectorEntry.m */; };
		C14240031B25B195004A6461 /* JSObjectionInjector.m in Sources */ = {isa = PBXBuildFile; fileRef = 4BED511F12AA8BCC00CA6B36 /* JSObjectionInjector.m */; };
		C14240041B25B195004A6461 /* JSObjectionBindingEntry.m in Sources */ = {isa = PBXBuildFile; fileRef = 4BED512012AA8BCC00CA6B36 /* JSObjectionBindingEntry.m */; };
		C14240051B25B195004A6461 /* JSObjectionModule.m in Sources */ = {isa = PBXBuildFile; fileRef = 4B957EC512ADE03900CBF1EB /* JSObjectionModule.m */; };
		C14240061B25B195004A6461 /* JSObjection.m in Sources */ = {isa = PBXBuildFile; fileRef = 4B9D310213DF613500C81C45 /* JSObjection.m */; };
		C14240071B25B195004A6461 /* JSObjectFactory.m in Sources */ = {isa = PBXBuildFile; fileRef = 4BE7875F145647EF00BD705E /* JSObjectFactory.m */; };
		C14240081B25B195004A6461 /* JSObjectionRuntimePropertyReflector.m in Sources */ = {isa = PBXBuildFile; fileRef = 4B53383217AC1420004BDF83 /* JSObjectionRuntimePropertyReflector.m */; };
		C14240091B25B199004A6461 /* JSObjectFactory.h in Headers */ = {isa = PBXBuildFile; fileRef = 4BE7875E145647EF00BD705E /* JSObjectFactory.h */; settings = {ATTRIBUTES = (Public, ); }; };
		C142400A1B25B199004A6461 /* JSObjectionUtils.h in Headers */ = {isa = PBXBuildFile; fileRef = 4B9D30FE13DF5FAC00C81C45 /* JSObjectionUtils.h */; settings = {ATTRIBUTES = (Public, ); }; };
		C142400B1B25B199004A6461 /* JSObjectionEntry.h in Headers */ = {isa = PBXBuildFile; fileRef = 4B4B21A31342B78E00833077 /* JSObjectionEntry.h */; settings = {ATTRIBUTES = (Public, ); }; };
		C142400C1B25B199004A6461 /* Objection.h in Headers */ = {isa = PBXBuildFile; fileRef = 4B957EE612ADE26500CBF1EB /* Objection.h */; settings = {ATTRIBUTES = (Public, ); }; };
		C142400D1B25B199004A6461 /* JSObjectionInjectorEntry.h in Headers */ = {isa = PBXBuildFile; fileRef = 4BED512F12AA8BF300CA6B36 /* JSObjectionInjectorEntry.h */; settings = {ATTRIBUTES = (Public, ); }; };
		C142400E1B25B199004A6461 /* JSObjectionInjector.h in Headers */ = {isa = PBXBuildFile; fileRef = 4BED513012AA8BF300CA6B36 /* JSObjectionInjector.h */; settings = {ATTRIBUTES = (Public, ); }; };
		C142400F1B25B199004A6461 /* JSObjectionBindingEntry.h in Headers */ = {isa = PBXBuildFile; fileRef = 4BED513112AA8BF300CA6B36 /* JSObjectionBindingEntry.h */; settings = {ATTRIBUTES = (Public, ); }; };
		C14240101B25B199004A6461 /* JSObjectionModule.h in Headers */ = {isa = PBXBuildFile; fileRef = 4B957EC212ADDFC500CBF1EB /* JSObjectionModule.h */; settings = {ATTRIBUTES = (Public, ); }; };
		C14240111B25B199004A6461 /* NSObject+Objection.h in Headers */ = {isa = PBXBuildFile; fileRef = 4B53470E12F3165F000480AB /* NSObject+Objection.h */; settings = {ATTRIBUTES = (Public, ); }; };
		C14240121B25B199004A6461 /* JSObjectionProviderEntry.h in Headers */ = {isa = PBXBuildFile; fileRef = 4B81F8CE135D06A300221A88 /* JSObjectionProviderEntry.h */; settings = {ATTRIBUTES = (Public, ); }; };
		C14240131B25B199004A6461 /* JSObjectionRuntimePropertyReflector.h in Headers */ = {isa = PBXBuildFile; fileRef = 4B53383117AC1420004BDF83 /* JSObjectionRuntimePropertyReflector.h */; settings = {ATTRIBUTES = (Public, ); }; };
		C14240141B25B199004A6461 /* JSObjection.h in Headers */ = {isa = PBXBuildFile; fileRef = 4B9D310113DF613500C81C45 /* JSObjection.h */; settings = {ATTRIBUTES = (Public, ); }; };
/* End PBXBuildFile section */

/* Begin PBXContainerItemProxy section */
		4B5D260416D2E13200E862AA /* PBXContainerItemProxy */ = {
			isa = PBXContainerItemProxy;
			containerPortal = 4B5D25FA16D2E13200E862AA /* Kiwi.xcodeproj */;
			proxyType = 2;
			remoteGlobalIDString = F5015B9F11583A77002E9A98;
			remoteInfo = Kiwi;
		};
		4B5D260616D2E13200E862AA /* PBXContainerItemProxy */ = {
			isa = PBXContainerItemProxy;
			containerPortal = 4B5D25FA16D2E13200E862AA /* Kiwi.xcodeproj */;
			proxyType = 2;
			remoteGlobalIDString = 832C83C7157263B300F160D5;
			remoteInfo = "Kiwi-OSX";
		};
		4B5D260816D2E13200E862AA /* PBXContainerItemProxy */ = {
			isa = PBXContainerItemProxy;
			containerPortal = 4B5D25FA16D2E13200E862AA /* Kiwi.xcodeproj */;
			proxyType = 2;
			remoteGlobalIDString = F5015C9E11584017002E9A98;
			remoteInfo = KiwiTests;
		};
		4BABED1818E65FCB002F266F /* PBXContainerItemProxy */ = {
			isa = PBXContainerItemProxy;
			containerPortal = 4B5D25FA16D2E13200E862AA /* Kiwi.xcodeproj */;
			proxyType = 2;
			remoteGlobalIDString = DA084E7317E3838100592D5A;
			remoteInfo = "Kiwi-XCTest";
		};
		4BABED1A18E65FCB002F266F /* PBXContainerItemProxy */ = {
			isa = PBXContainerItemProxy;
			containerPortal = 4B5D25FA16D2E13200E862AA /* Kiwi.xcodeproj */;
			proxyType = 2;
			remoteGlobalIDString = DA084D3E17E3804200592D5A;
			remoteInfo = KiwiXCTests;
		};
		C1423FF11B25B189004A6461 /* PBXContainerItemProxy */ = {
			isa = PBXContainerItemProxy;
			containerPortal = 0867D690FE84028FC02AAC07 /* Project object */;
			proxyType = 1;
			remoteGlobalIDString = C1423FE41B25B188004A6461;
			remoteInfo = Objection;
		};
/* End PBXContainerItemProxy section */

/* Begin PBXFileReference section */
		4B25BD491291BBE700821DC1 /* InjectionErrorFixtures.h */ = {isa = PBXFileReference; fileEncoding = 4; lastKnownFileType = sourcecode.c.h; path = InjectionErrorFixtures.h; sourceTree = "<group>"; };
		4B25BD4A1291BBE700821DC1 /* InjectionErrorFixtures.m */ = {isa = PBXFileReference; fileEncoding = 4; lastKnownFileType = sourcecode.c.objc; path = InjectionErrorFixtures.m; sourceTree = "<group>"; };
		4B4257EB13F56718006BC001 /* OCHamcrest-iPhone.framework */ = {isa = PBXFileReference; lastKnownFileType = wrapper.framework; name = "OCHamcrest-iPhone.framework"; path = "Vendor/OCHamcrest-iPhone.framework"; sourceTree = "<group>"; };
		4B4257FF13F56C67006BC001 /* UIKit.framework */ = {isa = PBXFileReference; lastKnownFileType = wrapper.framework; name = UIKit.framework; path = Platforms/iPhoneOS.platform/Developer/SDKs/iPhoneOS4.3.sdk/System/Library/Frameworks/UIKit.framework; sourceTree = DEVELOPER_DIR; };
		4B42580113F56C70006BC001 /* CoreGraphics.framework */ = {isa = PBXFileReference; lastKnownFileType = wrapper.framework; name = CoreGraphics.framework; path = Platforms/iPhoneOS.platform/Developer/SDKs/iPhoneOS4.3.sdk/System/Library/Frameworks/CoreGraphics.framework; sourceTree = DEVELOPER_DIR; };
		4B42580E13F56CC0006BC001 /* Specs-iOS-Info.plist */ = {isa = PBXFileReference; lastKnownFileType = text.plist.xml; path = "Specs-iOS-Info.plist"; sourceTree = "<group>"; };
		4B42581013F56CC1006BC001 /* en */ = {isa = PBXFileReference; lastKnownFileType = text.plist.strings; name = en; path = en.lproj/InfoPlist.strings; sourceTree = "<group>"; };
		4B42581213F56CC1006BC001 /* Specs-iOS-Prefix.pch */ = {isa = PBXFileReference; lastKnownFileType = sourcecode.c.h; path = "Specs-iOS-Prefix.pch"; sourceTree = "<group>"; };
		4B42586A13F56D71006BC001 /* OCHamcrest-iPhone.framework */ = {isa = PBXFileReference; lastKnownFileType = wrapper.framework; name = "OCHamcrest-iPhone.framework"; path = "Vendor/OCHamcrest-iPhone.framework"; sourceTree = "<group>"; };
		4B42587613F56EA3006BC001 /* Cocoa.framework */ = {isa = PBXFileReference; lastKnownFileType = wrapper.framework; name = Cocoa.framework; path = System/Library/Frameworks/Cocoa.framework; sourceTree = SDKROOT; };
		4B42587913F56EA3006BC001 /* AppKit.framework */ = {isa = PBXFileReference; lastKnownFileType = wrapper.framework; name = AppKit.framework; path = System/Library/Frameworks/AppKit.framework; sourceTree = SDKROOT; };
		4B42587A13F56EA3006BC001 /* CoreData.framework */ = {isa = PBXFileReference; lastKnownFileType = wrapper.framework; name = CoreData.framework; path = System/Library/Frameworks/CoreData.framework; sourceTree = SDKROOT; };
		4B42587B13F56EA3006BC001 /* Foundation.framework */ = {isa = PBXFileReference; lastKnownFileType = wrapper.framework; name = Foundation.framework; path = System/Library/Frameworks/Foundation.framework; sourceTree = SDKROOT; };
		4B42587E13F56EA3006BC001 /* Specs-OSX-Info.plist */ = {isa = PBXFileReference; lastKnownFileType = text.plist.xml; path = "Specs-OSX-Info.plist"; sourceTree = "<group>"; };
		4B42588013F56EA3006BC001 /* en */ = {isa = PBXFileReference; lastKnownFileType = text.plist.strings; name = en; path = en.lproj/InfoPlist.strings; sourceTree = "<group>"; };
		4B42588213F56EA3006BC001 /* Specs-OSX-Prefix.pch */ = {isa = PBXFileReference; lastKnownFileType = sourcecode.c.h; path = "Specs-OSX-Prefix.pch"; sourceTree = "<group>"; };
		4B4258DE13F56F51006BC001 /* OCHamcrest.framework */ = {isa = PBXFileReference; lastKnownFileType = wrapper.framework; name = OCHamcrest.framework; path = Vendor/OCHamcrest.framework; sourceTree = "<group>"; };
		4B4289301567F3EC004F73D3 /* InitializerSpecs.m */ = {isa = PBXFileReference; fileEncoding = 4; lastKnownFileType = sourcecode.c.objc; path = InitializerSpecs.m; sourceTree = "<group>"; };
		4B428933156806E6004F73D3 /* InitializerFixtures.h */ = {isa = PBXFileReference; fileEncoding = 4; lastKnownFileType = sourcecode.c.h; path = InitializerFixtures.h; sourceTree = "<group>"; };
		4B428934156806E6004F73D3 /* InitializerFixtures.m */ = {isa = PBXFileReference; fileEncoding = 4; lastKnownFileType = sourcecode.c.objc; path = InitializerFixtures.m; sourceTree = "<group>"; };
		4B496E6A12B0F3E50053F2A3 /* JSObjectionUtils.m */ = {isa = PBXFileReference; fileEncoding = 4; lastKnownFileType = sourcecode.c.objc; path = JSObjectionUtils.m; sourceTree = "<group>"; };
		4B4B21A31342B78E00833077 /* JSObjectionEntry.h */ = {isa = PBXFileReference; fileEncoding = 4; lastKnownFileType = sourcecode.c.h; path = JSObjectionEntry.h; sourceTree = "<group>"; };
		4B4B21A71342B79E00833077 /* JSObjectionEntry.m */ = {isa = PBXFileReference; fileEncoding = 4; lastKnownFileType = sourcecode.c.objc; path = JSObjectionEntry.m; sourceTree = "<group>"; };
		4B53383117AC1420004BDF83 /* JSObjectionRuntimePropertyReflector.h */ = {isa = PBXFileReference; fileEncoding = 4; lastKnownFileType = sourcecode.c.h; path = JSObjectionRuntimePropertyReflector.h; sourceTree = "<group>"; };
		4B53383217AC1420004BDF83 /* JSObjectionRuntimePropertyReflector.m */ = {isa = PBXFileReference; fileEncoding = 4; lastKnownFileType = sourcecode.c.objc; path = JSObjectionRuntimePropertyReflector.m; sourceTree = "<group>"; };
		4B53470E12F3165F000480AB /* NSObject+Objection.h */ = {isa = PBXFileReference; fileEncoding = 4; lastKnownFileType = sourcecode.c.h; path = "NSObject+Objection.h"; sourceTree = "<group>"; };
		4B53471812F316A4000480AB /* NSObject+Objection.m */ = {isa = PBXFileReference; fileEncoding = 4; lastKnownFileType = sourcecode.c.objc; path = "NSObject+Objection.m"; sourceTree = "<group>"; };
		4B53482E12F31E93000480AB /* SpecHelper.m */ = {isa = PBXFileReference; fileEncoding = 4; lastKnownFileType = sourcecode.c.objc; path = SpecHelper.m; sourceTree = "<group>"; };
		4B5D00CF16D3B4DD00823E20 /* KWSpec+FailWithException.h */ = {isa = PBXFileReference; fileEncoding = 4; lastKnownFileType = sourcecode.c.h; path = "KWSpec+FailWithException.h"; sourceTree = "<group>"; };
		4B5D00D016D3B4DD00823E20 /* KWSpec+FailWithException.m */ = {isa = PBXFileReference; fileEncoding = 4; lastKnownFileType = sourcecode.c.objc; path = "KWSpec+FailWithException.m"; sourceTree = "<group>"; };
		4B5D25FA16D2E13200E862AA /* Kiwi.xcodeproj */ = {isa = PBXFileReference; lastKnownFileType = "wrapper.pb-project"; name = Kiwi.xcodeproj; path = Vendor/Kiwi/Kiwi.xcodeproj; sourceTree = "<group>"; };
		4B7300D712AA8F3400903427 /* InheritanceSpecs.m */ = {isa = PBXFileReference; fileEncoding = 4; lastKnownFileType = sourcecode.c.objc; path = InheritanceSpecs.m; sourceTree = "<group>"; };
		4B81F8CE135D06A300221A88 /* JSObjectionProviderEntry.h */ = {isa = PBXFileReference; fileEncoding = 4; lastKnownFileType = sourcecode.c.h; path = JSObjectionProviderEntry.h; sourceTree = "<group>"; };
		4B81F8DC135D06C200221A88 /* JSObjectionProviderEntry.m */ = {isa = PBXFileReference; fileEncoding = 4; lastKnownFileType = sourcecode.c.objc; path = JSObjectionProviderEntry.m; sourceTree = "<group>"; };
		4B81F90B135D0ACF00221A88 /* ModuleFixtures.h */ = {isa = PBXFileReference; fileEncoding = 4; lastKnownFileType = sourcecode.c.h; path = ModuleFixtures.h; sourceTree = "<group>"; };
		4B81F90C135D0ACF00221A88 /* ModuleFixtures.m */ = {isa = PBXFileReference; fileEncoding = 4; lastKnownFileType = sourcecode.c.objc; path = ModuleFixtures.m; sourceTree = "<group>"; };
		4B957EC212ADDFC500CBF1EB /* JSObjectionModule.h */ = {isa = PBXFileReference; fileEncoding = 4; lastKnownFileType = sourcecode.c.h; path = JSObjectionModule.h; sourceTree = "<group>"; };
		4B957EC512ADE03900CBF1EB /* JSObjectionModule.m */ = {isa = PBXFileReference; fileEncoding = 4; lastKnownFileType = sourcecode.c.objc; path = JSObjectionModule.m; sourceTree = "<group>"; };
		4B957EE612ADE26500CBF1EB /* Objection.h */ = {isa = PBXFileReference; fileEncoding = 4; lastKnownFileType = sourcecode.c.h; path = Objection.h; sourceTree = "<group>"; };
		4B95819612AE593F00CBF1EB /* ModuleUsageSpecs.m */ = {isa = PBXFileReference; fileEncoding = 4; lastKnownFileType = sourcecode.c.objc; path = ModuleUsageSpecs.m; sourceTree = "<group>"; };
		4B9D30FE13DF5FAC00C81C45 /* JSObjectionUtils.h */ = {isa = PBXFileReference; fileEncoding = 4; lastKnownFileType = sourcecode.c.h; path = JSObjectionUtils.h; sourceTree = "<group>"; };
		4B9D310113DF613500C81C45 /* JSObjection.h */ = {isa = PBXFileReference; fileEncoding = 4; lastKnownFileType = sourcecode.c.h; path = JSObjection.h; sourceTree = "<group>"; };
		4B9D310213DF613500C81C45 /* JSObjection.m */ = {isa = PBXFileReference; fileEncoding = 4; lastKnownFileType = sourcecode.c.objc; path = JSObjection.m; sourceTree = "<group>"; };
		4BA9CFEB12AA86D300674F0E /* OCHamcrest-iPhone.framework */ = {isa = PBXFileReference; lastKnownFileType = wrapper.framework; name = "OCHamcrest-iPhone.framework"; path = "Vendor/OCHamcrest-iPhone.framework"; sourceTree = "<group>"; };
		4BA9CFF412AA86E600674F0E /* OCHamcrest.framework */ = {isa = PBXFileReference; lastKnownFileType = wrapper.framework; name = OCHamcrest.framework; path = Vendor/OCHamcrest.framework; sourceTree = "<group>"; };
		4BB07D741668679A00D9BA1E /* AddAndRemoveModulesSpecs.m */ = {isa = PBXFileReference; fileEncoding = 4; lastKnownFileType = sourcecode.c.objc; path = AddAndRemoveModulesSpecs.m; sourceTree = "<group>"; };
		4BB428A116D3205C00710F1E /* SenTestingKit.framework */ = {isa = PBXFileReference; lastKnownFileType = wrapper.framework; name = SenTestingKit.framework; path = Library/Frameworks/SenTestingKit.framework; sourceTree = DEVELOPER_DIR; };
		4BE7875E145647EF00BD705E /* JSObjectFactory.h */ = {isa = PBXFileReference; fileEncoding = 4; lastKnownFileType = sourcecode.c.h; path = JSObjectFactory.h; sourceTree = "<group>"; };
		4BE7875F145647EF00BD705E /* JSObjectFactory.m */ = {isa = PBXFileReference; fileEncoding = 4; lastKnownFileType = sourcecode.c.objc; path = JSObjectFactory.m; sourceTree = "<group>"; };
		4BED511712AA8B7A00CA6B36 /* Objection-Info.plist */ = {isa = PBXFileReference; lastKnownFileType = text.plist.xml; path = "Objection-Info.plist"; sourceTree = "<group>"; };
		4BED511E12AA8BCC00CA6B36 /* JSObjectionInjectorEntry.m */ = {isa = PBXFileReference; fileEncoding = 4; lastKnownFileType = sourcecode.c.objc; path = JSObjectionInjectorEntry.m; sourceTree = "<group>"; };
		4BED511F12AA8BCC00CA6B36 /* JSObjectionInjector.m */ = {isa = PBXFileReference; fileEncoding = 4; lastKnownFileType = sourcecode.c.objc; path = JSObjectionInjector.m; sourceTree = "<group>"; };
		4BED512012AA8BCC00CA6B36 /* JSObjectionBindingEntry.m */ = {isa = PBXFileReference; fileEncoding = 4; lastKnownFileType = sourcecode.c.objc; path = JSObjectionBindingEntry.m; sourceTree = "<group>"; };
		4BED512F12AA8BF300CA6B36 /* JSObjectionInjectorEntry.h */ = {isa = PBXFileReference; fileEncoding = 4; lastKnownFileType = sourcecode.c.h; path = JSObjectionInjectorEntry.h; sourceTree = "<group>"; };
		4BED513012AA8BF300CA6B36 /* JSObjectionInjector.h */ = {isa = PBXFileReference; fileEncoding = 4; lastKnownFileType = sourcecode.c.h; path = JSObjectionInjector.h; sourceTree = "<group>"; };
		4BED513112AA8BF300CA6B36 /* JSObjectionBindingEntry.h */ = {isa = PBXFileReference; fileEncoding = 4; lastKnownFileType = sourcecode.c.h; path = JSObjectionBindingEntry.h; sourceTree = "<group>"; };
		4BF4514C129198C6006EB2D5 /* SpecHelper.h */ = {isa = PBXFileReference; fileEncoding = 4; lastKnownFileType = sourcecode.c.h; path = SpecHelper.h; sourceTree = "<group>"; };
		4BF4516B129199AF006EB2D5 /* BasicUsageSpecs.m */ = {isa = PBXFileReference; fileEncoding = 4; lastKnownFileType = sourcecode.c.objc; path = BasicUsageSpecs.m; sourceTree = "<group>"; };
		4BF451AB12919CAD006EB2D5 /* Fixtures.h */ = {isa = PBXFileReference; fileEncoding = 4; lastKnownFileType = sourcecode.c.h; path = Fixtures.h; sourceTree = "<group>"; };
		4BF451AC12919CAD006EB2D5 /* Fixtures.m */ = {isa = PBXFileReference; fileEncoding = 4; lastKnownFileType = sourcecode.c.objc; path = Fixtures.m; sourceTree = "<group>"; };
		4BF451E21291AD28006EB2D5 /* InjectionErrorsSpecs.m */ = {isa = PBXFileReference; fileEncoding = 4; lastKnownFileType = sourcecode.c.objc; path = InjectionErrorsSpecs.m; sourceTree = "<group>"; };
		AACBBE490F95108600F1A2B1 /* Foundation.framework */ = {isa = PBXFileReference; lastKnownFileType = wrapper.framework; name = Foundation.framework; path = System/Library/Frameworks/Foundation.framework; sourceTree = SDKROOT; };
		C1423FE51B25B188004A6461 /* Objection.framework */ = {isa = PBXFileReference; explicitFileType = wrapper.framework; includeInIndex = 0; path = Objection.framework; sourceTree = BUILT_PRODUCTS_DIR; };
		C1423FE81B25B189004A6461 /* Info.plist */ = {isa = PBXFileReference; lastKnownFileType = text.plist.xml; path = Info.plist; sourceTree = "<group>"; };
		C1423FE91B25B189004A6461 /* Objection.h */ = {isa = PBXFileReference; lastKnownFileType = sourcecode.c.h; path = Objection.h; sourceTree = "<group>"; };
		C1423FEF1B25B189004A6461 /* ObjectionTests.xctest */ = {isa = PBXFileReference; explicitFileType = wrapper.cfbundle; includeInIndex = 0; path = ObjectionTests.xctest; sourceTree = BUILT_PRODUCTS_DIR; };
		C1423FF51B25B189004A6461 /* Info.plist */ = {isa = PBXFileReference; lastKnownFileType = text.plist.xml; path = Info.plist; sourceTree = "<group>"; };
		C1423FF61B25B189004A6461 /* ObjectionTests.m */ = {isa = PBXFileReference; lastKnownFileType = sourcecode.c.objc; path = ObjectionTests.m; sourceTree = "<group>"; };
		D2AAC07E0554694100DB5192 /* CircularDependencySpecs.m */ = {isa = PBXFileReference; fileEncoding = 4; lastKnownFileType = sourcecode.c.objc; path = CircularDependencySpecs.m; sourceTree = "<group>"; };
		D2AAC07E0554694100DB5195 /* CircularDependencyFixtures.m */ = {isa = PBXFileReference; fileEncoding = 4; lastKnownFileType = sourcecode.c.objc; path = CircularDependencyFixtures.m; sourceTree = "<group>"; };
		D2AAC07E0554694100DB5198 /* CircularDependencyFixtures.h */ = {isa = PBXFileReference; fileEncoding = 4; lastKnownFileType = sourcecode.c.h; path = CircularDependencyFixtures.h; sourceTree = "<group>"; };
/* End PBXFileReference section */

/* Begin PBXFrameworksBuildPhase section */
		C1423FE11B25B188004A6461 /* Frameworks */ = {
			isa = PBXFrameworksBuildPhase;
			buildActionMask = 2147483647;
			files = (
			);
			runOnlyForDeploymentPostprocessing = 0;
		};
		C1423FEC1B25B189004A6461 /* Frameworks */ = {
			isa = PBXFrameworksBuildPhase;
			buildActionMask = 2147483647;
			files = (
				C1423FF01B25B189004A6461 /* Objection.framework in Frameworks */,
			);
			runOnlyForDeploymentPostprocessing = 0;
		};
/* End PBXFrameworksBuildPhase section */

/* Begin PBXGroup section */
		034768DFFF38A50411DB9C8B /* Products */ = {
			isa = PBXGroup;
			children = (
				C1423FE51B25B188004A6461 /* Objection.framework */,
				C1423FEF1B25B189004A6461 /* ObjectionTests.xctest */,
			);
			name = Products;
			sourceTree = "<group>";
		};
		0867D691FE84028FC02AAC07 /* Objection */ = {
			isa = PBXGroup;
			children = (
				4BF45123129197F3006EB2D5 /* Specs */,
				4BED512E12AA8BD600CA6B36 /* Headers */,
				08FB77AEFE84172EC02AAC07 /* Source */,
				C1423FE61B25B189004A6461 /* Objection */,
				C1423FF31B25B189004A6461 /* ObjectionTests */,
				0867D69AFE84028FC02AAC07 /* Frameworks */,
				034768DFFF38A50411DB9C8B /* Products */,
				4BED511712AA8B7A00CA6B36 /* Objection-Info.plist */,
			);
			name = Objection;
			sourceTree = "<group>";
		};
		0867D69AFE84028FC02AAC07 /* Frameworks */ = {
			isa = PBXGroup;
			children = (
				4B5D25FA16D2E13200E862AA /* Kiwi.xcodeproj */,
				4B4258DE13F56F51006BC001 /* OCHamcrest.framework */,
				4B42586A13F56D71006BC001 /* OCHamcrest-iPhone.framework */,
				4B4257EB13F56718006BC001 /* OCHamcrest-iPhone.framework */,
				4B42580113F56C70006BC001 /* CoreGraphics.framework */,
				4B4257FF13F56C67006BC001 /* UIKit.framework */,
				AACBBE490F95108600F1A2B1 /* Foundation.framework */,
				4BA9CFEB12AA86D300674F0E /* OCHamcrest-iPhone.framework */,
				4BA9CFF412AA86E600674F0E /* OCHamcrest.framework */,
				4B42587613F56EA3006BC001 /* Cocoa.framework */,
				4BB428A116D3205C00710F1E /* SenTestingKit.framework */,
				4B42587813F56EA3006BC001 /* Other Frameworks */,
			);
			name = Frameworks;
			sourceTree = "<group>";
		};
		08FB77AEFE84172EC02AAC07 /* Source */ = {
			isa = PBXGroup;
			children = (
				4B81F8DC135D06C200221A88 /* JSObjectionProviderEntry.m */,
				4B4B21A71342B79E00833077 /* JSObjectionEntry.m */,
				4B53471812F316A4000480AB /* NSObject+Objection.m */,
				4B496E6A12B0F3E50053F2A3 /* JSObjectionUtils.m */,
				4BED511E12AA8BCC00CA6B36 /* JSObjectionInjectorEntry.m */,
				4BED511F12AA8BCC00CA6B36 /* JSObjectionInjector.m */,
				4BED512012AA8BCC00CA6B36 /* JSObjectionBindingEntry.m */,
				4B957EC512ADE03900CBF1EB /* JSObjectionModule.m */,
				4B9D310213DF613500C81C45 /* JSObjection.m */,
				4BE7875F145647EF00BD705E /* JSObjectFactory.m */,
				4B53383217AC1420004BDF83 /* JSObjectionRuntimePropertyReflector.m */,
			);
			path = Source;
			sourceTree = "<group>";
		};
		4B42580C13F56CC0006BC001 /* Specs-iOS */ = {
			isa = PBXGroup;
			children = (
				4B42580D13F56CC0006BC001 /* Supporting Files */,
			);
			path = "Specs-iOS";
			sourceTree = SOURCE_ROOT;
		};
		4B42580D13F56CC0006BC001 /* Supporting Files */ = {
			isa = PBXGroup;
			children = (
				4B42580E13F56CC0006BC001 /* Specs-iOS-Info.plist */,
				4B42580F13F56CC1006BC001 /* InfoPlist.strings */,
				4B42581213F56CC1006BC001 /* Specs-iOS-Prefix.pch */,
			);
			name = "Supporting Files";
			sourceTree = "<group>";
		};
		4B42587813F56EA3006BC001 /* Other Frameworks */ = {
			isa = PBXGroup;
			children = (
				4B42587913F56EA3006BC001 /* AppKit.framework */,
				4B42587A13F56EA3006BC001 /* CoreData.framework */,
				4B42587B13F56EA3006BC001 /* Foundation.framework */,
			);
			name = "Other Frameworks";
			sourceTree = "<group>";
		};
		4B42587C13F56EA3006BC001 /* Specs-OSX */ = {
			isa = PBXGroup;
			children = (
				4B42587D13F56EA3006BC001 /* Supporting Files */,
			);
			path = "Specs-OSX";
			sourceTree = SOURCE_ROOT;
		};
		4B42587D13F56EA3006BC001 /* Supporting Files */ = {
			isa = PBXGroup;
			children = (
				4B42587E13F56EA3006BC001 /* Specs-OSX-Info.plist */,
				4B42587F13F56EA3006BC001 /* InfoPlist.strings */,
				4B42588213F56EA3006BC001 /* Specs-OSX-Prefix.pch */,
			);
			name = "Supporting Files";
			sourceTree = "<group>";
		};
		4B5D25FB16D2E13200E862AA /* Products */ = {
			isa = PBXGroup;
			children = (
				4B5D260516D2E13200E862AA /* libKiwi.a */,
				4B5D260716D2E13200E862AA /* libKiwi-OSX.a */,
				4B5D260916D2E13200E862AA /* KiwiTests.octest */,
				4BABED1918E65FCB002F266F /* libKiwi-XCTest.a */,
				4BABED1B18E65FCB002F266F /* KiwiXCTests.xctest */,
			);
			name = Products;
			sourceTree = "<group>";
		};
		4BED512E12AA8BD600CA6B36 /* Headers */ = {
			isa = PBXGroup;
			children = (
				4BE7875E145647EF00BD705E /* JSObjectFactory.h */,
				4B9D30FE13DF5FAC00C81C45 /* JSObjectionUtils.h */,
				4B4B21A31342B78E00833077 /* JSObjectionEntry.h */,
				4B957EE612ADE26500CBF1EB /* Objection.h */,
				4BED512F12AA8BF300CA6B36 /* JSObjectionInjectorEntry.h */,
				4BED513012AA8BF300CA6B36 /* JSObjectionInjector.h */,
				4BED513112AA8BF300CA6B36 /* JSObjectionBindingEntry.h */,
				4B957EC212ADDFC500CBF1EB /* JSObjectionModule.h */,
				4B53470E12F3165F000480AB /* NSObject+Objection.h */,
				4B81F8CE135D06A300221A88 /* JSObjectionProviderEntry.h */,
				4B53383117AC1420004BDF83 /* JSObjectionRuntimePropertyReflector.h */,
				4B9D310113DF613500C81C45 /* JSObjection.h */,
			);
			name = Headers;
			path = Source;
			sourceTree = "<group>";
		};
		4BF45123129197F3006EB2D5 /* Specs */ = {
			isa = PBXGroup;
			children = (
				4B42587C13F56EA3006BC001 /* Specs-OSX */,
				4B42580C13F56CC0006BC001 /* Specs-iOS */,
				4BF452461291AFEA006EB2D5 /* Helpers */,
				D2AAC07E0554694100DB5192 /* CircularDependencySpecs.m */,
				4BF4516B129199AF006EB2D5 /* BasicUsageSpecs.m */,
				4BF451E21291AD28006EB2D5 /* InjectionErrorsSpecs.m */,
				4B7300D712AA8F3400903427 /* InheritanceSpecs.m */,
				4B95819612AE593F00CBF1EB /* ModuleUsageSpecs.m */,
				4B4289301567F3EC004F73D3 /* InitializerSpecs.m */,
				4BB07D741668679A00D9BA1E /* AddAndRemoveModulesSpecs.m */,
			);
			path = Specs;
			sourceTree = "<group>";
		};
		4BF452461291AFEA006EB2D5 /* Helpers */ = {
			isa = PBXGroup;
			children = (
				D2AAC07E0554694100DB5198 /* CircularDependencyFixtures.h */,
				D2AAC07E0554694100DB5195 /* CircularDependencyFixtures.m */,
				4BF4514C129198C6006EB2D5 /* SpecHelper.h */,
				4BF451AB12919CAD006EB2D5 /* Fixtures.h */,
				4BF451AC12919CAD006EB2D5 /* Fixtures.m */,
				4B25BD491291BBE700821DC1 /* InjectionErrorFixtures.h */,
				4B25BD4A1291BBE700821DC1 /* InjectionErrorFixtures.m */,
				4B53482E12F31E93000480AB /* SpecHelper.m */,
				4B81F90B135D0ACF00221A88 /* ModuleFixtures.h */,
				4B81F90C135D0ACF00221A88 /* ModuleFixtures.m */,
				4B428933156806E6004F73D3 /* InitializerFixtures.h */,
				4B428934156806E6004F73D3 /* InitializerFixtures.m */,
				4B5D00CF16D3B4DD00823E20 /* KWSpec+FailWithException.h */,
				4B5D00D016D3B4DD00823E20 /* KWSpec+FailWithException.m */,
			);
			name = Helpers;
			sourceTree = "<group>";
		};
		C1423FE61B25B189004A6461 /* Objection */ = {
			isa = PBXGroup;
			children = (
				C1423FE91B25B189004A6461 /* Objection.h */,
				C1423FE71B25B189004A6461 /* Supporting Files */,
			);
			path = Objection;
			sourceTree = "<group>";
		};
		C1423FE71B25B189004A6461 /* Supporting Files */ = {
			isa = PBXGroup;
			children = (
				C1423FE81B25B189004A6461 /* Info.plist */,
			);
			name = "Supporting Files";
			sourceTree = "<group>";
		};
		C1423FF31B25B189004A6461 /* ObjectionTests */ = {
			isa = PBXGroup;
			children = (
				C1423FF61B25B189004A6461 /* ObjectionTests.m */,
				C1423FF41B25B189004A6461 /* Supporting Files */,
			);
			path = ObjectionTests;
			sourceTree = "<group>";
		};
		C1423FF41B25B189004A6461 /* Supporting Files */ = {
			isa = PBXGroup;
			children = (
				C1423FF51B25B189004A6461 /* Info.plist */,
			);
			name = "Supporting Files";
			sourceTree = "<group>";
		};
/* End PBXGroup section */

/* Begin PBXHeadersBuildPhase section */
		C1423FE21B25B188004A6461 /* Headers */ = {
			isa = PBXHeadersBuildPhase;
			buildActionMask = 2147483647;
			files = (
				C142400E1B25B199004A6461 /* JSObjectionInjector.h in Headers */,
				C142400D1B25B199004A6461 /* JSObjectionInjectorEntry.h in Headers */,
				C142400B1B25B199004A6461 /* JSObjectionEntry.h in Headers */,
				C14240101B25B199004A6461 /* JSObjectionModule.h in Headers */,
				C14240131B25B199004A6461 /* JSObjectionRuntimePropertyReflector.h in Headers */,
				C1423FEA1B25B189004A6461 /* Objection.h in Headers */,
				C142400C1B25B199004A6461 /* Objection.h in Headers */,
				C14240091B25B199004A6461 /* JSObjectFactory.h in Headers */,
				C142400F1B25B199004A6461 /* JSObjectionBindingEntry.h in Headers */,
				C14240111B25B199004A6461 /* NSObject+Objection.h in Headers */,
				C14240121B25B199004A6461 /* JSObjectionProviderEntry.h in Headers */,
				C142400A1B25B199004A6461 /* JSObjectionUtils.h in Headers */,
				C14240141B25B199004A6461 /* JSObjection.h in Headers */,
			);
			runOnlyForDeploymentPostprocessing = 0;
		};
/* End PBXHeadersBuildPhase section */

/* Begin PBXNativeTarget section */
		C1423FE41B25B188004A6461 /* Objection */ = {
			isa = PBXNativeTarget;
			buildConfigurationList = C1423FF81B25B189004A6461 /* Build configuration list for PBXNativeTarget "Objection" */;
			buildPhases = (
				C1423FE01B25B188004A6461 /* Sources */,
				C1423FE11B25B188004A6461 /* Frameworks */,
				C1423FE21B25B188004A6461 /* Headers */,
				C1423FE31B25B188004A6461 /* Resources */,
			);
			buildRules = (
			);
			dependencies = (
			);
			name = Objection;
			productName = Objection;
			productReference = C1423FE51B25B188004A6461 /* Objection.framework */;
			productType = "com.apple.product-type.framework";
		};
		C1423FEE1B25B189004A6461 /* ObjectionTests */ = {
			isa = PBXNativeTarget;
			buildConfigurationList = C1423FFB1B25B189004A6461 /* Build configuration list for PBXNativeTarget "ObjectionTests" */;
			buildPhases = (
				C1423FEB1B25B189004A6461 /* Sources */,
				C1423FEC1B25B189004A6461 /* Frameworks */,
				C1423FED1B25B189004A6461 /* Resources */,
			);
			buildRules = (
			);
			dependencies = (
				C1423FF21B25B189004A6461 /* PBXTargetDependency */,
			);
			name = ObjectionTests;
			productName = ObjectionTests;
			productReference = C1423FEF1B25B189004A6461 /* ObjectionTests.xctest */;
			productType = "com.apple.product-type.bundle.unit-test";
		};
/* End PBXNativeTarget section */

/* Begin PBXProject section */
		0867D690FE84028FC02AAC07 /* Project object */ = {
			isa = PBXProject;
			attributes = {
				LastUpgradeCheck = 0630;
				TargetAttributes = {
					C1423FE41B25B188004A6461 = {
						CreatedOnToolsVersion = 6.3.2;
					};
					C1423FEE1B25B189004A6461 = {
						CreatedOnToolsVersion = 6.3.2;
					};
				};
			};
			buildConfigurationList = 1DEB922208733DC00010E9CD /* Build configuration list for PBXProject "Objection" */;
			compatibilityVersion = "Xcode 3.2";
			developmentRegion = English;
			hasScannedForEncodings = 1;
			knownRegions = (
				English,
				Japanese,
				French,
				German,
				en,
			);
			mainGroup = 0867D691FE84028FC02AAC07 /* Objection */;
			productRefGroup = 034768DFFF38A50411DB9C8B /* Products */;
			projectDirPath = "";
			projectReferences = (
				{
					ProductGroup = 4B5D25FB16D2E13200E862AA /* Products */;
					ProjectRef = 4B5D25FA16D2E13200E862AA /* Kiwi.xcodeproj */;
				},
			);
			projectRoot = "";
			targets = (
				C1423FE41B25B188004A6461 /* Objection */,
				C1423FEE1B25B189004A6461 /* ObjectionTests */,
			);
		};
/* End PBXProject section */

/* Begin PBXReferenceProxy section */
		4B5D260516D2E13200E862AA /* libKiwi.a */ = {
			isa = PBXReferenceProxy;
			fileType = archive.ar;
			path = libKiwi.a;
			remoteRef = 4B5D260416D2E13200E862AA /* PBXContainerItemProxy */;
			sourceTree = BUILT_PRODUCTS_DIR;
		};
		4B5D260716D2E13200E862AA /* libKiwi-OSX.a */ = {
			isa = PBXReferenceProxy;
			fileType = archive.ar;
			path = "libKiwi-OSX.a";
			remoteRef = 4B5D260616D2E13200E862AA /* PBXContainerItemProxy */;
			sourceTree = BUILT_PRODUCTS_DIR;
		};
		4B5D260916D2E13200E862AA /* KiwiTests.octest */ = {
			isa = PBXReferenceProxy;
			fileType = wrapper.cfbundle;
			path = KiwiTests.octest;
			remoteRef = 4B5D260816D2E13200E862AA /* PBXContainerItemProxy */;
			sourceTree = BUILT_PRODUCTS_DIR;
		};
		4BABED1918E65FCB002F266F /* libKiwi-XCTest.a */ = {
			isa = PBXReferenceProxy;
			fileType = archive.ar;
			path = "libKiwi-XCTest.a";
			remoteRef = 4BABED1818E65FCB002F266F /* PBXContainerItemProxy */;
			sourceTree = BUILT_PRODUCTS_DIR;
		};
		4BABED1B18E65FCB002F266F /* KiwiXCTests.xctest */ = {
			isa = PBXReferenceProxy;
			fileType = wrapper.cfbundle;
			path = KiwiXCTests.xctest;
			remoteRef = 4BABED1A18E65FCB002F266F /* PBXContainerItemProxy */;
			sourceTree = BUILT_PRODUCTS_DIR;
		};
/* End PBXReferenceProxy section */

/* Begin PBXResourcesBuildPhase section */
		C1423FE31B25B188004A6461 /* Resources */ = {
			isa = PBXResourcesBuildPhase;
			buildActionMask = 2147483647;
			files = (
			);
			runOnlyForDeploymentPostprocessing = 0;
		};
		C1423FED1B25B189004A6461 /* Resources */ = {
			isa = PBXResourcesBuildPhase;
			buildActionMask = 2147483647;
			files = (
			);
			runOnlyForDeploymentPostprocessing = 0;
		};
/* End PBXResourcesBuildPhase section */

/* Begin PBXSourcesBuildPhase section */
		C1423FE01B25B188004A6461 /* Sources */ = {
			isa = PBXSourcesBuildPhase;
			buildActionMask = 2147483647;
			files = (
				C14240011B25B195004A6461 /* JSObjectionUtils.m in Sources */,
				C14240001B25B195004A6461 /* NSObject+Objection.m in Sources */,
				C14240071B25B195004A6461 /* JSObjectFactory.m in Sources */,
				C14240031B25B195004A6461 /* JSObjectionInjector.m in Sources */,
				C14240081B25B195004A6461 /* JSObjectionRuntimePropertyReflector.m in Sources */,
				C14240041B25B195004A6461 /* JSObjectionBindingEntry.m in Sources */,
				C14240021B25B195004A6461 /* JSObjectionInjectorEntry.m in Sources */,
				C14240061B25B195004A6461 /* JSObjection.m in Sources */,
				C1423FFE1B25B195004A6461 /* JSObjectionProviderEntry.m in Sources */,
				C14240051B25B195004A6461 /* JSObjectionModule.m in Sources */,
				C1423FFF1B25B195004A6461 /* JSObjectionEntry.m in Sources */,
			);
			runOnlyForDeploymentPostprocessing = 0;
		};
		C1423FEB1B25B189004A6461 /* Sources */ = {
			isa = PBXSourcesBuildPhase;
			buildActionMask = 2147483647;
			files = (
				C1423FF71B25B189004A6461 /* ObjectionTests.m in Sources */,
			);
			runOnlyForDeploymentPostprocessing = 0;
		};
/* End PBXSourcesBuildPhase section */

/* Begin PBXTargetDependency section */
		C1423FF21B25B189004A6461 /* PBXTargetDependency */ = {
			isa = PBXTargetDependency;
			target = C1423FE41B25B188004A6461 /* Objection */;
			targetProxy = C1423FF11B25B189004A6461 /* PBXContainerItemProxy */;
		};
/* End PBXTargetDependency section */

/* Begin PBXVariantGroup section */
		4B42580F13F56CC1006BC001 /* InfoPlist.strings */ = {
			isa = PBXVariantGroup;
			children = (
				4B42581013F56CC1006BC001 /* en */,
			);
			name = InfoPlist.strings;
			sourceTree = "<group>";
		};
		4B42587F13F56EA3006BC001 /* InfoPlist.strings */ = {
			isa = PBXVariantGroup;
			children = (
				4B42588013F56EA3006BC001 /* en */,
			);
			name = InfoPlist.strings;
			sourceTree = "<group>";
		};
/* End PBXVariantGroup section */

/* Begin XCBuildConfiguration section */
		1DEB922308733DC00010E9CD /* Debug */ = {
			isa = XCBuildConfiguration;
			buildSettings = {
				CLANG_WARN_BOOL_CONVERSION = YES;
				CLANG_WARN_CONSTANT_CONVERSION = YES;
				CLANG_WARN_EMPTY_BODY = YES;
				CLANG_WARN_ENUM_CONVERSION = YES;
				CLANG_WARN_INT_CONVERSION = YES;
				CLANG_WARN_UNREACHABLE_CODE = YES;
				CLANG_WARN__DUPLICATE_METHOD_MATCH = YES;
				ENABLE_STRICT_OBJC_MSGSEND = YES;
				GCC_C_LANGUAGE_STANDARD = c99;
				GCC_NO_COMMON_BLOCKS = YES;
				GCC_OPTIMIZATION_LEVEL = 0;
				GCC_VERSION = com.apple.compilers.llvm.clang.1_0;
				GCC_WARN_64_TO_32_BIT_CONVERSION = YES;
				GCC_WARN_ABOUT_RETURN_TYPE = YES;
				GCC_WARN_UNDECLARED_SELECTOR = YES;
				GCC_WARN_UNINITIALIZED_AUTOS = YES;
				GCC_WARN_UNUSED_FUNCTION = YES;
				GCC_WARN_UNUSED_VARIABLE = YES;
				ONLY_ACTIVE_ARCH = YES;
				OTHER_LDFLAGS = "-ObjC";
			};
			name = Debug;
		};
		1DEB922408733DC00010E9CD /* Release */ = {
			isa = XCBuildConfiguration;
			buildSettings = {
				CLANG_WARN_BOOL_CONVERSION = YES;
				CLANG_WARN_CONSTANT_CONVERSION = YES;
				CLANG_WARN_EMPTY_BODY = YES;
				CLANG_WARN_ENUM_CONVERSION = YES;
				CLANG_WARN_INT_CONVERSION = YES;
				CLANG_WARN_UNREACHABLE_CODE = YES;
				CLANG_WARN__DUPLICATE_METHOD_MATCH = YES;
				ENABLE_STRICT_OBJC_MSGSEND = YES;
				GCC_C_LANGUAGE_STANDARD = c99;
				GCC_NO_COMMON_BLOCKS = YES;
				GCC_VERSION = com.apple.compilers.llvm.clang.1_0;
				GCC_WARN_64_TO_32_BIT_CONVERSION = YES;
				GCC_WARN_ABOUT_RETURN_TYPE = YES;
				GCC_WARN_UNDECLARED_SELECTOR = YES;
				GCC_WARN_UNINITIALIZED_AUTOS = YES;
				GCC_WARN_UNUSED_FUNCTION = YES;
				GCC_WARN_UNUSED_VARIABLE = YES;
				OTHER_LDFLAGS = "-ObjC";
			};
			name = Release;
		};
		C1423FF91B25B189004A6461 /* Debug */ = {
			isa = XCBuildConfiguration;
			buildSettings = {
				ALWAYS_SEARCH_USER_PATHS = NO;
				CLANG_CXX_LANGUAGE_STANDARD = "gnu++0x";
				CLANG_CXX_LIBRARY = "libc++";
				CLANG_ENABLE_MODULES = YES;
				CLANG_ENABLE_OBJC_ARC = YES;
				CLANG_WARN_DIRECT_OBJC_ISA_USAGE = YES_ERROR;
				CLANG_WARN_OBJC_ROOT_CLASS = YES_ERROR;
				CLANG_WARN_UNREACHABLE_CODE = YES;
				"CODE_SIGN_IDENTITY[sdk=iphoneos*]" = "iPhone Developer";
				COPY_PHASE_STRIP = NO;
				CURRENT_PROJECT_VERSION = 1;
				DEBUG_INFORMATION_FORMAT = "dwarf-with-dsym";
				DEFINES_MODULE = YES;
				DYLIB_COMPATIBILITY_VERSION = 1;
				DYLIB_CURRENT_VERSION = 1;
				DYLIB_INSTALL_NAME_BASE = "@rpath";
				ENABLE_STRICT_OBJC_MSGSEND = YES;
				GCC_C_LANGUAGE_STANDARD = gnu99;
				GCC_DYNAMIC_NO_PIC = NO;
				GCC_NO_COMMON_BLOCKS = YES;
				GCC_PREPROCESSOR_DEFINITIONS = (
					"DEBUG=1",
					"$(inherited)",
				);
				GCC_SYMBOLS_PRIVATE_EXTERN = NO;
				GCC_WARN_ABOUT_RETURN_TYPE = YES_ERROR;
				GCC_WARN_UNDECLARED_SELECTOR = NO;
				GCC_WARN_UNINITIALIZED_AUTOS = YES_AGGRESSIVE;
				INFOPLIST_FILE = Objection/Info.plist;
				INSTALL_PATH = "$(LOCAL_LIBRARY_DIR)/Frameworks";
				IPHONEOS_DEPLOYMENT_TARGET = 8.3;
				LD_RUNPATH_SEARCH_PATHS = "$(inherited) @executable_path/Frameworks @loader_path/Frameworks";
				MTL_ENABLE_DEBUG_INFO = YES;
				PRODUCT_NAME = "$(TARGET_NAME)";
				SDKROOT = iphoneos;
				SKIP_INSTALL = YES;
				TARGETED_DEVICE_FAMILY = "1,2";
				VERSIONING_SYSTEM = "apple-generic";
				VERSION_INFO_PREFIX = "";
			};
			name = Debug;
		};
		C1423FFA1B25B189004A6461 /* Release */ = {
			isa = XCBuildConfiguration;
			buildSettings = {
				ALWAYS_SEARCH_USER_PATHS = NO;
				CLANG_CXX_LANGUAGE_STANDARD = "gnu++0x";
				CLANG_CXX_LIBRARY = "libc++";
				CLANG_ENABLE_MODULES = YES;
				CLANG_ENABLE_OBJC_ARC = YES;
				CLANG_WARN_DIRECT_OBJC_ISA_USAGE = YES_ERROR;
				CLANG_WARN_OBJC_ROOT_CLASS = YES_ERROR;
				CLANG_WARN_UNREACHABLE_CODE = YES;
				"CODE_SIGN_IDENTITY[sdk=iphoneos*]" = "iPhone Developer";
				COPY_PHASE_STRIP = NO;
				CURRENT_PROJECT_VERSION = 1;
				DEBUG_INFORMATION_FORMAT = "dwarf-with-dsym";
				DEFINES_MODULE = YES;
				DYLIB_COMPATIBILITY_VERSION = 1;
				DYLIB_CURRENT_VERSION = 1;
				DYLIB_INSTALL_NAME_BASE = "@rpath";
				ENABLE_NS_ASSERTIONS = NO;
				ENABLE_STRICT_OBJC_MSGSEND = YES;
				GCC_C_LANGUAGE_STANDARD = gnu99;
				GCC_NO_COMMON_BLOCKS = YES;
				GCC_WARN_ABOUT_RETURN_TYPE = YES_ERROR;
				GCC_WARN_UNDECLARED_SELECTOR = NO;
				GCC_WARN_UNINITIALIZED_AUTOS = YES_AGGRESSIVE;
				INFOPLIST_FILE = Objection/Info.plist;
				INSTALL_PATH = "$(LOCAL_LIBRARY_DIR)/Frameworks";
				IPHONEOS_DEPLOYMENT_TARGET = 8.3;
				LD_RUNPATH_SEARCH_PATHS = "$(inherited) @executable_path/Frameworks @loader_path/Frameworks";
				MTL_ENABLE_DEBUG_INFO = NO;
				PRODUCT_NAME = "$(TARGET_NAME)";
				SDKROOT = iphoneos;
				SKIP_INSTALL = YES;
				TARGETED_DEVICE_FAMILY = "1,2";
				VALIDATE_PRODUCT = YES;
				VERSIONING_SYSTEM = "apple-generic";
				VERSION_INFO_PREFIX = "";
			};
			name = Release;
		};
		C1423FFC1B25B189004A6461 /* Debug */ = {
			isa = XCBuildConfiguration;
			buildSettings = {
				ALWAYS_SEARCH_USER_PATHS = NO;
				CLANG_CXX_LANGUAGE_STANDARD = "gnu++0x";
				CLANG_CXX_LIBRARY = "libc++";
				CLANG_ENABLE_MODULES = YES;
				CLANG_ENABLE_OBJC_ARC = YES;
				CLANG_WARN_DIRECT_OBJC_ISA_USAGE = YES_ERROR;
				CLANG_WARN_OBJC_ROOT_CLASS = YES_ERROR;
				CLANG_WARN_UNREACHABLE_CODE = YES;
				"CODE_SIGN_IDENTITY[sdk=iphoneos*]" = "iPhone Developer";
				COPY_PHASE_STRIP = NO;
				DEBUG_INFORMATION_FORMAT = "dwarf-with-dsym";
				ENABLE_STRICT_OBJC_MSGSEND = YES;
				FRAMEWORK_SEARCH_PATHS = (
					"$(SDKROOT)/Developer/Library/Frameworks",
					"$(inherited)",
				);
				GCC_C_LANGUAGE_STANDARD = gnu99;
				GCC_DYNAMIC_NO_PIC = NO;
				GCC_NO_COMMON_BLOCKS = YES;
				GCC_PREPROCESSOR_DEFINITIONS = (
					"DEBUG=1",
					"$(inherited)",
				);
				GCC_SYMBOLS_PRIVATE_EXTERN = NO;
				GCC_WARN_ABOUT_RETURN_TYPE = YES_ERROR;
				GCC_WARN_UNDECLARED_SELECTOR = YES;
				GCC_WARN_UNINITIALIZED_AUTOS = YES_AGGRESSIVE;
				INFOPLIST_FILE = ObjectionTests/Info.plist;
				IPHONEOS_DEPLOYMENT_TARGET = 8.3;
				LD_RUNPATH_SEARCH_PATHS = "$(inherited) @executable_path/Frameworks @loader_path/Frameworks";
				MTL_ENABLE_DEBUG_INFO = YES;
				PRODUCT_NAME = "$(TARGET_NAME)";
				SDKROOT = iphoneos;
			};
			name = Debug;
		};
		C1423FFD1B25B189004A6461 /* Release */ = {
			isa = XCBuildConfiguration;
			buildSettings = {
				ALWAYS_SEARCH_USER_PATHS = NO;
				CLANG_CXX_LANGUAGE_STANDARD = "gnu++0x";
				CLANG_CXX_LIBRARY = "libc++";
				CLANG_ENABLE_MODULES = YES;
				CLANG_ENABLE_OBJC_ARC = YES;
				CLANG_WARN_DIRECT_OBJC_ISA_USAGE = YES_ERROR;
				CLANG_WARN_OBJC_ROOT_CLASS = YES_ERROR;
				CLANG_WARN_UNREACHABLE_CODE = YES;
				"CODE_SIGN_IDENTITY[sdk=iphoneos*]" = "iPhone Developer";
				COPY_PHASE_STRIP = NO;
				DEBUG_INFORMATION_FORMAT = "dwarf-with-dsym";
				ENABLE_NS_ASSERTIONS = NO;
				ENABLE_STRICT_OBJC_MSGSEND = YES;
				FRAMEWORK_SEARCH_PATHS = (
					"$(SDKROOT)/Developer/Library/Frameworks",
					"$(inherited)",
				);
				GCC_C_LANGUAGE_STANDARD = gnu99;
				GCC_NO_COMMON_BLOCKS = YES;
				GCC_WARN_ABOUT_RETURN_TYPE = YES_ERROR;
				GCC_WARN_UNDECLARED_SELECTOR = YES;
				GCC_WARN_UNINITIALIZED_AUTOS = YES_AGGRESSIVE;
				INFOPLIST_FILE = ObjectionTests/Info.plist;
				IPHONEOS_DEPLOYMENT_TARGET = 8.3;
				LD_RUNPATH_SEARCH_PATHS = "$(inherited) @executable_path/Frameworks @loader_path/Frameworks";
				MTL_ENABLE_DEBUG_INFO = NO;
				PRODUCT_NAME = "$(TARGET_NAME)";
				SDKROOT = iphoneos;
				VALIDATE_PRODUCT = YES;
			};
			name = Release;
		};
/* End XCBuildConfiguration section */

/* Begin XCConfigurationList section */
		1DEB922208733DC00010E9CD /* Build configuration list for PBXProject "Objection" */ = {
			isa = XCConfigurationList;
			buildConfigurations = (
				1DEB922308733DC00010E9CD /* Debug */,
				1DEB922408733DC00010E9CD /* Release */,
			);
			defaultConfigurationIsVisible = 0;
			defaultConfigurationName = Release;
		};
		C1423FF81B25B189004A6461 /* Build configuration list for PBXNativeTarget "Objection" */ = {
			isa = XCConfigurationList;
			buildConfigurations = (
				C1423FF91B25B189004A6461 /* Debug */,
				C1423FFA1B25B189004A6461 /* Release */,
			);
			defaultConfigurationIsVisible = 0;
		};
		C1423FFB1B25B189004A6461 /* Build configuration list for PBXNativeTarget "ObjectionTests" */ = {
			isa = XCConfigurationList;
			buildConfigurations = (
				C1423FFC1B25B189004A6461 /* Debug */,
				C1423FFD1B25B189004A6461 /* Release */,
			);
			defaultConfigurationIsVisible = 0;
		};
/* End XCConfigurationList section */
	};
	rootObject = 0867D690FE84028FC02AAC07 /* Project object */;
}
